
Microsoft Visual Studio Solution File, Format Version 12.00
# Visual Studio Version 17
VisualStudioVersion = 17.7.34031.279
MinimumVisualStudioVersion = 10.0.40219.1
Project("{2150E333-8FDC-42A3-9474-1A3956D46DE8}") = "Test", "Test", "{86A6124A-0E67-47E3-A5B6-004326D4E0BB}"
EndProject
Project("{9A19103F-16F7-4668-BE54-9A1E7A4F7556}") = "Gambler.Bot.Core", "..\Gambler.Bot.Core\Gambler.Bot.Core\Gambler.Bot.Core\Gambler.Bot.Core.csproj", "{2AE0698F-0913-4B91-93DE-81299A75D5CF}"
EndProject
Project("{9A19103F-16F7-4668-BE54-9A1E7A4F7556}") = "GlobalsObject", "..\Gambler.Bot.Core\Gambler.Bot.Core\GlobalsObject\GlobalsObject.csproj", "{A2CB11A3-ADB2-458E-BB24-683DF95AE796}"
EndProject
Project("{9A19103F-16F7-4668-BE54-9A1E7A4F7556}") = "Gambler.Bot.Core.Tests", "..\Gambler.Bot.Core\Gambler.Bot.Core\Gambler.Bot.Core.Tests\Gambler.Bot.Core.Tests.csproj", "{623019CB-0B7A-4983-98A8-936F533055E7}"
EndProject
Project("{9A19103F-16F7-4668-BE54-9A1E7A4F7556}") = "Gambler.Bot.Strategies", "Gambler.Bot.Strategies\Gambler.Bot.Strategies.csproj", "{2DB4524C-0136-4140-96DE-0216DA4355CD}"
EndProject
Project("{9A19103F-16F7-4668-BE54-9A1E7A4F7556}") = "Gambler.Bot.Strategies.Tests", "Gambler.Bot.Strategies.Tests\Gambler.Bot.Strategies.Tests.csproj", "{CE53092E-B590-4486-A577-9E61215BFD7D}"
EndProject
Global
	GlobalSection(SolutionConfigurationPlatforms) = preSolution
		Debug|Any CPU = Debug|Any CPU
		Release|Any CPU = Release|Any CPU
	EndGlobalSection
	GlobalSection(ProjectConfigurationPlatforms) = postSolution
		{2AE0698F-0913-4B91-93DE-81299A75D5CF}.Debug|Any CPU.ActiveCfg = Debug|Any CPU
		{2AE0698F-0913-4B91-93DE-81299A75D5CF}.Debug|Any CPU.Build.0 = Debug|Any CPU
		{2AE0698F-0913-4B91-93DE-81299A75D5CF}.Release|Any CPU.ActiveCfg = Release|Any CPU
		{2AE0698F-0913-4B91-93DE-81299A75D5CF}.Release|Any CPU.Build.0 = Release|Any CPU
		{A2CB11A3-ADB2-458E-BB24-683DF95AE796}.Debug|Any CPU.ActiveCfg = Debug|Any CPU
		{A2CB11A3-ADB2-458E-BB24-683DF95AE796}.Debug|Any CPU.Build.0 = Debug|Any CPU
		{A2CB11A3-ADB2-458E-BB24-683DF95AE796}.Release|Any CPU.ActiveCfg = Release|Any CPU
		{A2CB11A3-ADB2-458E-BB24-683DF95AE796}.Release|Any CPU.Build.0 = Release|Any CPU
		{623019CB-0B7A-4983-98A8-936F533055E7}.Debug|Any CPU.ActiveCfg = Debug|Any CPU
		{623019CB-0B7A-4983-98A8-936F533055E7}.Debug|Any CPU.Build.0 = Debug|Any CPU
		{623019CB-0B7A-4983-98A8-936F533055E7}.Release|Any CPU.ActiveCfg = Release|Any CPU
		{623019CB-0B7A-4983-98A8-936F533055E7}.Release|Any CPU.Build.0 = Release|Any CPU
		{2DB4524C-0136-4140-96DE-0216DA4355CD}.Debug|Any CPU.ActiveCfg = Debug|Any CPU
		{2DB4524C-0136-4140-96DE-0216DA4355CD}.Debug|Any CPU.Build.0 = Debug|Any CPU
		{2DB4524C-0136-4140-96DE-0216DA4355CD}.Release|Any CPU.ActiveCfg = Release|Any CPU
		{2DB4524C-0136-4140-96DE-0216DA4355CD}.Release|Any CPU.Build.0 = Release|Any CPU
		{CE53092E-B590-4486-A577-9E61215BFD7D}.Debug|Any CPU.ActiveCfg = Debug|Any CPU
		{CE53092E-B590-4486-A577-9E61215BFD7D}.Debug|Any CPU.Build.0 = Debug|Any CPU
		{CE53092E-B590-4486-A577-9E61215BFD7D}.Release|Any CPU.ActiveCfg = Release|Any CPU
		{CE53092E-B590-4486-A577-9E61215BFD7D}.Release|Any CPU.Build.0 = Release|Any CPU
	EndGlobalSection
	GlobalSection(SolutionProperties) = preSolution
		HideSolutionNode = FALSE
	EndGlobalSection
	GlobalSection(NestedProjects) = preSolution
		{623019CB-0B7A-4983-98A8-936F533055E7} = {86A6124A-0E67-47E3-A5B6-004326D4E0BB}
		{CE53092E-B590-4486-A577-9E61215BFD7D} = {86A6124A-0E67-47E3-A5B6-004326D4E0BB}
	EndGlobalSection
	GlobalSection(ExtensibilityGlobals) = postSolution
		SolutionGuid = {A967686E-E1F5-462C-84A0-A186162FD711}
	EndGlobalSection
EndGlobal
